
Microsoft Visual Studio Solution File, Format Version 12.00
# Visual Studio 15
VisualStudioVersion = 15.0.28307.757
MinimumVisualStudioVersion = 10.0.40219.1
Project("{FAE04EC0-301F-11D3-BF4B-00C04F79EFBC}") = "PartyInvites", "PartyInvites\PartyInvites.csproj", "{580272F6-F5C8-42D1-B130-1E642EC3859D}"
EndProject
Global
	GlobalSection(SolutionConfigurationPlatforms) = preSolution
		Debug|Any CPU = Debug|Any CPU
		Release|Any CPU = Release|Any CPU
	EndGlobalSection
	GlobalSection(ProjectConfigurationPlatforms) = postSolution
		{580272F6-F5C8-42D1-B130-1E642EC3859D}.Debug|Any CPU.ActiveCfg = Debug|Any CPU
		{580272F6-F5C8-42D1-B130-1E642EC3859D}.Debug|Any CPU.Build.0 = Debug|Any CPU
		{580272F6-F5C8-42D1-B130-1E642EC3859D}.Release|Any CPU.ActiveCfg = Release|Any CPU
		{580272F6-F5C8-42D1-B130-1E642EC3859D}.Release|Any CPU.Build.0 = Release|Any CPU
	EndGlobalSection
	GlobalSection(SolutionProperties) = preSolution
		HideSolutionNode = FALSE
	EndGlobalSection
	GlobalSection(ExtensibilityGlobals) = postSolution
		SolutionGuid = {7A8D4954-A3F0-4B01-AD96-8E8E49A05868}
	EndGlobalSection
EndGlobal
